
Microsoft Visual Studio Solution File, Format Version 12.00
# Visual Studio Version 17
VisualStudioVersion = 17.5.001.0
MinimumVisualStudioVersion = 10.0.40219.1
Project("{FAE04EC0-301F-11D3-BF4B-00C04F79EFBC}") = "Templates", "templates\Templates.csproj", "{5A153E4B-09CC-4978-8CFB-3219FE2A6A40}"
EndProject
Global
	GlobalSection(SolutionConfigurationPlatforms) = preSolution
		Debug|Any CPU = Debug|Any CPU
		Release|Any CPU = Release|Any CPU
	EndGlobalSection
	GlobalSection(ProjectConfigurationPlatforms) = postSolution
		{5A153E4B-09CC-4978-8CFB-3219FE2A6A40}.Debug|Any CPU.ActiveCfg = Debug|Any CPU
		{5A153E4B-09CC-4978-8CFB-3219FE2A6A40}.Debug|Any CPU.Build.0 = Debug|Any CPU
		{5A153E4B-09CC-4978-8CFB-3219FE2A6A40}.Release|Any CPU.ActiveCfg = Release|Any CPU
		{5A153E4B-09CC-4978-8CFB-3219FE2A6A40}.Release|Any CPU.Build.0 = Release|Any CPU
	EndGlobalSection
	GlobalSection(SolutionProperties) = preSolution
		HideSolutionNode = FALSE
	EndGlobalSection
	GlobalSection(ExtensibilityGlobals) = postSolution
		SolutionGuid = {E50CC6D5-CB95-4968-A773-9D62DF4BA5F1}
	EndGlobalSection
EndGlobal
